<?xml version="1.0" encoding="utf-8"?>
<Project ToolsVersion="4.0" xmlns="http://schemas.microsoft.com/developer/msbuild/2003">
  <ItemGroup>
    <Filter Include="Source Files">
      <UniqueIdentifier>{4FC737F1-C7A5-4376-A066-2A32D752A2FF}</UniqueIdentifier>
      <Extensions>cpp;c;cc;cxx;c++;cppm;ixx;def;odl;idl;hpj;bat;asm;asmx</Extensions>
    </Filter>
    <Filter Include="Header Files">
      <UniqueIdentifier>{93995380-89BD-4b04-88EB-625FBE52EBFB}</UniqueIdentifier>
      <Extensions>h;hh;hpp;hxx;h++;hm;inl;inc;ipp;xsd</Extensions>
    </Filter>
    <Filter Include="Resource Files">
      <UniqueIdentifier>{67DA6AB6-F800-4c08-8B7A-83BB121AAD01}</UniqueIdentifier>
      <Extensions>rc;ico;cur;bmp;dlg;rc2;rct;bin;rgs;gif;jpg;jpeg;jpe;resx;tiff;tif;png;wav;mfcribbon-ms</Extensions>
    </Filter>
  </ItemGroup>
  <ItemGroup>
    <None Include="etl\config.json" />
    <None Include="etl\config.example.json" />
    <None Include="etl\extract_sqlite.py" />
    <None Include="etl\load_cosmos.py" />
    <None Include="etl\run.py" />
    <None Include="etl\transform.py" />
    <None Include="infra\containerapps.tf" />
    <None Include="infra\cosmos.tf" />
    <None Include="infra\identity.tf" />
    <None Include="infra\keyvault.tf" />
    <None Include="infra\loganalytics.tf" />
    <None Include="infra\main.tf" />
    <None Include="infra\networking.tf" />
    <None Include="infra\outputs.tf" />
    <None Include="infra\private_endpoints.tf" />
    <None Include="infra\providers.tf" />
    <None Include="infra\storage.tf" />
    <None Include="infra\terraform.tfvars" />
    <None Include="infra\variables.tf" />
    <None Include="infra\versions.tf" />
    <None Include="README.md" />
    <None Include=".github\workflows\etl.yaml" />
    <None Include=".github\workflows\terraform.yaml" />
    <None Include=".gitignore" />
    <None Include="infra\dns.tf" />
  </ItemGroup>
  <ItemGroup>
    <Text Include="etl\requirements.txt" />
    <Text Include="infra\backend.tfvars" />
  </ItemGroup>
</Project>